{
  "name": "WeeklyNerd",
  "lockfileVersion": 3,
  "requires": true,
  "packages": {
    "": {
      "dependencies": {
        "Propeller": "^0.3.2"
      }
    },
    "node_modules/Propeller": {
      "version": "0.3.2",
      "resolved": "https://registry.npmjs.org/Propeller/-/Propeller-0.3.2.tgz",
      "integrity": "sha512-DziZDQYAsv0/KcFTttO1NOw5iztqo9jnsR8XEzx08RNSvHFpW0M31qh40PqpXBzmXgV7zSmML+ymU2vxCbFZIg=="
    }
  }
}
